
Microsoft Visual Studio Solution File, Format Version 12.00
# Visual Studio 15
VisualStudioVersion = 15.0.26124.0
MinimumVisualStudioVersion = 15.0.26124.0
Project("{FAE04EC0-301F-11D3-BF4B-00C04F79EFBC}") = "UI", "UI\UI.csproj", "{A6A57189-DB14-4007-A595-4323C6421AED}"
EndProject
Project("{FAE04EC0-301F-11D3-BF4B-00C04F79EFBC}") = "Core", "Core\Core.csproj", "{FF4D6806-C5D7-48AF-B8A1-8A000ABF1D7C}"
EndProject
Project("{FAE04EC0-301F-11D3-BF4B-00C04F79EFBC}") = "Infrastructure", "Infrastructure\Infrastructure.csproj", "{F13F9ED6-A0B5-4A05-8AA1-77D6FC6D3EF8}"
EndProject
Global
	GlobalSection(SolutionConfigurationPlatforms) = preSolution
		Debug|Any CPU = Debug|Any CPU
		Debug|x64 = Debug|x64
		Debug|x86 = Debug|x86
		Release|Any CPU = Release|Any CPU
		Release|x64 = Release|x64
		Release|x86 = Release|x86
	EndGlobalSection
	GlobalSection(SolutionProperties) = preSolution
		HideSolutionNode = FALSE
	EndGlobalSection
	GlobalSection(ProjectConfigurationPlatforms) = postSolution
		{A6A57189-DB14-4007-A595-4323C6421AED}.Debug|Any CPU.ActiveCfg = Debug|Any CPU
		{A6A57189-DB14-4007-A595-4323C6421AED}.Debug|Any CPU.Build.0 = Debug|Any CPU
		{A6A57189-DB14-4007-A595-4323C6421AED}.Debug|x64.ActiveCfg = Debug|Any CPU
		{A6A57189-DB14-4007-A595-4323C6421AED}.Debug|x64.Build.0 = Debug|Any CPU
		{A6A57189-DB14-4007-A595-4323C6421AED}.Debug|x86.ActiveCfg = Debug|Any CPU
		{A6A57189-DB14-4007-A595-4323C6421AED}.Debug|x86.Build.0 = Debug|Any CPU
		{A6A57189-DB14-4007-A595-4323C6421AED}.Release|Any CPU.ActiveCfg = Release|Any CPU
		{A6A57189-DB14-4007-A595-4323C6421AED}.Release|Any CPU.Build.0 = Release|Any CPU
		{A6A57189-DB14-4007-A595-4323C6421AED}.Release|x64.ActiveCfg = Release|Any CPU
		{A6A57189-DB14-4007-A595-4323C6421AED}.Release|x64.Build.0 = Release|Any CPU
		{A6A57189-DB14-4007-A595-4323C6421AED}.Release|x86.ActiveCfg = Release|Any CPU
		{A6A57189-DB14-4007-A595-4323C6421AED}.Release|x86.Build.0 = Release|Any CPU
		{FF4D6806-C5D7-48AF-B8A1-8A000ABF1D7C}.Debug|Any CPU.ActiveCfg = Debug|Any CPU
		{FF4D6806-C5D7-48AF-B8A1-8A000ABF1D7C}.Debug|Any CPU.Build.0 = Debug|Any CPU
		{FF4D6806-C5D7-48AF-B8A1-8A000ABF1D7C}.Debug|x64.ActiveCfg = Debug|Any CPU
		{FF4D6806-C5D7-48AF-B8A1-8A000ABF1D7C}.Debug|x64.Build.0 = Debug|Any CPU
		{FF4D6806-C5D7-48AF-B8A1-8A000ABF1D7C}.Debug|x86.ActiveCfg = Debug|Any CPU
		{FF4D6806-C5D7-48AF-B8A1-8A000ABF1D7C}.Debug|x86.Build.0 = Debug|Any CPU
		{FF4D6806-C5D7-48AF-B8A1-8A000ABF1D7C}.Release|Any CPU.ActiveCfg = Release|Any CPU
		{FF4D6806-C5D7-48AF-B8A1-8A000ABF1D7C}.Release|Any CPU.Build.0 = Release|Any CPU
		{FF4D6806-C5D7-48AF-B8A1-8A000ABF1D7C}.Release|x64.ActiveCfg = Release|Any CPU
		{FF4D6806-C5D7-48AF-B8A1-8A000ABF1D7C}.Release|x64.Build.0 = Release|Any CPU
		{FF4D6806-C5D7-48AF-B8A1-8A000ABF1D7C}.Release|x86.ActiveCfg = Release|Any CPU
		{FF4D6806-C5D7-48AF-B8A1-8A000ABF1D7C}.Release|x86.Build.0 = Release|Any CPU
		{F13F9ED6-A0B5-4A05-8AA1-77D6FC6D3EF8}.Debug|Any CPU.ActiveCfg = Debug|Any CPU
		{F13F9ED6-A0B5-4A05-8AA1-77D6FC6D3EF8}.Debug|Any CPU.Build.0 = Debug|Any CPU
		{F13F9ED6-A0B5-4A05-8AA1-77D6FC6D3EF8}.Debug|x64.ActiveCfg = Debug|Any CPU
		{F13F9ED6-A0B5-4A05-8AA1-77D6FC6D3EF8}.Debug|x64.Build.0 = Debug|Any CPU
		{F13F9ED6-A0B5-4A05-8AA1-77D6FC6D3EF8}.Debug|x86.ActiveCfg = Debug|Any CPU
		{F13F9ED6-A0B5-4A05-8AA1-77D6FC6D3EF8}.Debug|x86.Build.0 = Debug|Any CPU
		{F13F9ED6-A0B5-4A05-8AA1-77D6FC6D3EF8}.Release|Any CPU.ActiveCfg = Release|Any CPU
		{F13F9ED6-A0B5-4A05-8AA1-77D6FC6D3EF8}.Release|Any CPU.Build.0 = Release|Any CPU
		{F13F9ED6-A0B5-4A05-8AA1-77D6FC6D3EF8}.Release|x64.ActiveCfg = Release|Any CPU
		{F13F9ED6-A0B5-4A05-8AA1-77D6FC6D3EF8}.Release|x64.Build.0 = Release|Any CPU
		{F13F9ED6-A0B5-4A05-8AA1-77D6FC6D3EF8}.Release|x86.ActiveCfg = Release|Any CPU
		{F13F9ED6-A0B5-4A05-8AA1-77D6FC6D3EF8}.Release|x86.Build.0 = Release|Any CPU
	EndGlobalSection
EndGlobal
