
Microsoft Visual Studio Solution File, Format Version 12.00
# Visual Studio 15
VisualStudioVersion = 15.0.26124.0
MinimumVisualStudioVersion = 15.0.26124.0
Project("{FAE04EC0-301F-11D3-BF4B-00C04F79EFBC}") = "StreamForge", "StreamForge\StreamForge.csproj", "{B8A11234-5678-4321-ABCD-123456789ABC}"
EndProject
Global
	GlobalSection(SolutionConfigurationPlatforms) = preSolution
		Debug|Any CPU = Debug|Any CPU
		Release|Any CPU = Release|Any CPU
	EndGlobalSection
	GlobalSection(SolutionProperties) = preSolution
		HideSolutionNode = FALSE
	EndGlobalSection
	GlobalSection(ProjectConfigurationPlatforms) = postSolution
		{B8A11234-5678-4321-ABCD-123456789ABC}.Debug|Any CPU.ActiveCfg = Debug|Any CPU
		{B8A11234-5678-4321-ABCD-123456789ABC}.Debug|Any CPU.Build.0 = Debug|Any CPU
		{B8A11234-5678-4321-ABCD-123456789ABC}.Release|Any CPU.ActiveCfg = Release|Any CPU
		{B8A11234-5678-4321-ABCD-123456789ABC}.Release|Any CPU.Build.0 = Release|Any CPU
	EndGlobalSection
EndGlobal
